Microsoft Visual Studio Solution File, Format Version 12.00
# Visual Studio Version 17
VisualStudioVersion = 17.0.31903.59
MinimumVisualStudioVersion = 10.0.40219.1
Project("{FAE04EC0-301F-11D3-BF4B-00C04F79EFBC}") = "WordAutoSaveAssistant", "src\WordAutoSaveAssistant\WordAutoSaveAssistant.csproj", "{70F33F89-75C4-49A0-88CF-2F8B09B3E25A}"
EndProject
Project("{FAE04EC0-301F-11D3-BF4B-00C04F79EFBC}") = "WordAutoSaveAssistant.Tests", "tests\WordAutoSaveAssistant.Tests\WordAutoSaveAssistant.Tests.csproj", "{9432EC30-7E1D-4F56-9464-A1C5877CE94B}"
	ProjectSection(ProjectDependencies) = postProject
		{70F33F89-75C4-49A0-88CF-2F8B09B3E25A} = {70F33F89-75C4-49A0-88CF-2F8B09B3E25A}
	EndProjectSection
EndProject
Global
	GlobalSection(SolutionConfigurationPlatforms) = preSolution
		Debug|x64 = Debug|x64
		Release|x64 = Release|x64
	EndGlobalSection
	GlobalSection(ProjectConfigurationPlatforms) = postSolution
		{70F33F89-75C4-49A0-88CF-2F8B09B3E25A}.Debug|x64.ActiveCfg = Debug|x64
		{70F33F89-75C4-49A0-88CF-2F8B09B3E25A}.Debug|x64.Build.0 = Debug|x64
		{70F33F89-75C4-49A0-88CF-2F8B09B3E25A}.Release|x64.ActiveCfg = Release|x64
		{70F33F89-75C4-49A0-88CF-2F8B09B3E25A}.Release|x64.Build.0 = Release|x64
		{9432EC30-7E1D-4F56-9464-A1C5877CE94B}.Debug|x64.ActiveCfg = Debug|x64
		{9432EC30-7E1D-4F56-9464-A1C5877CE94B}.Debug|x64.Build.0 = Debug|x64
		{9432EC30-7E1D-4F56-9464-A1C5877CE94B}.Release|x64.ActiveCfg = Release|x64
		{9432EC30-7E1D-4F56-9464-A1C5877CE94B}.Release|x64.Build.0 = Release|x64
	EndGlobalSection
EndGlobal
